
Microsoft Visual Studio Solution File, Format Version 12.00
# Visual Studio Version 16
VisualStudioVersion = 16.0.30204.135
MinimumVisualStudioVersion = 10.0.40219.1
Project("{FAE04EC0-301F-11D3-BF4B-00C04F79EFBC}") = "DbContextMethods", "DbContextMethods\DbContextMethods.csproj", "{5E4FAE29-1F2A-487F-AFD8-91AD73F749A4}"
EndProject
Project("{FAE04EC0-301F-11D3-BF4B-00C04F79EFBC}") = "EdDbEfLib", "EdDbEfLib\EdDbEfLib.csproj", "{EBF74A56-1B16-4A48-A1EA-A88ACB810C51}"
EndProject
Global
	GlobalSection(SolutionConfigurationPlatforms) = preSolution
		Debug|Any CPU = Debug|Any CPU
		Release|Any CPU = Release|Any CPU
	EndGlobalSection
	GlobalSection(ProjectConfigurationPlatforms) = postSolution
		{5E4FAE29-1F2A-487F-AFD8-91AD73F749A4}.Debug|Any CPU.ActiveCfg = Debug|Any CPU
		{5E4FAE29-1F2A-487F-AFD8-91AD73F749A4}.Debug|Any CPU.Build.0 = Debug|Any CPU
		{5E4FAE29-1F2A-487F-AFD8-91AD73F749A4}.Release|Any CPU.ActiveCfg = Release|Any CPU
		{5E4FAE29-1F2A-487F-AFD8-91AD73F749A4}.Release|Any CPU.Build.0 = Release|Any CPU
		{EBF74A56-1B16-4A48-A1EA-A88ACB810C51}.Debug|Any CPU.ActiveCfg = Debug|Any CPU
		{EBF74A56-1B16-4A48-A1EA-A88ACB810C51}.Debug|Any CPU.Build.0 = Debug|Any CPU
		{EBF74A56-1B16-4A48-A1EA-A88ACB810C51}.Release|Any CPU.ActiveCfg = Release|Any CPU
		{EBF74A56-1B16-4A48-A1EA-A88ACB810C51}.Release|Any CPU.Build.0 = Release|Any CPU
	EndGlobalSection
	GlobalSection(SolutionProperties) = preSolution
		HideSolutionNode = FALSE
	EndGlobalSection
	GlobalSection(ExtensibilityGlobals) = postSolution
		SolutionGuid = {5DB39A9B-9C07-437A-8063-AFC49119B633}
	EndGlobalSection
EndGlobal
